
Microsoft Visual Studio Solution File, Format Version 12.00
# Visual Studio 15
VisualStudioVersion = 15.0.28307.1000
MinimumVisualStudioVersion = 10.0.40219.1
Project("{FAE04EC0-301F-11D3-BF4B-00C04F79EFBC}") = "MoviesAPI", "MoviesAPI\MoviesAPI.csproj", "{60D91368-49BB-4638-8A74-9BDD8073E2FE}"
EndProject
Global
	GlobalSection(SolutionConfigurationPlatforms) = preSolution
		Debug|Any CPU = Debug|Any CPU
		Release|Any CPU = Release|Any CPU
	EndGlobalSection
	GlobalSection(ProjectConfigurationPlatforms) = postSolution
		{60D91368-49BB-4638-8A74-9BDD8073E2FE}.Debug|Any CPU.ActiveCfg = Debug|Any CPU
		{60D91368-49BB-4638-8A74-9BDD8073E2FE}.Debug|Any CPU.Build.0 = Debug|Any CPU
		{60D91368-49BB-4638-8A74-9BDD8073E2FE}.Release|Any CPU.ActiveCfg = Release|Any CPU
		{60D91368-49BB-4638-8A74-9BDD8073E2FE}.Release|Any CPU.Build.0 = Release|Any CPU
	EndGlobalSection
	GlobalSection(SolutionProperties) = preSolution
		HideSolutionNode = FALSE
	EndGlobalSection
	GlobalSection(ExtensibilityGlobals) = postSolution
		SolutionGuid = {D0112B04-AC01-44D3-8994-816D0ED5E57E}
	EndGlobalSection
EndGlobal
